
Microsoft Visual Studio Solution File, Format Version 12.00
# Visual Studio Version 17
VisualStudioVersion = 17.4.33205.214
MinimumVisualStudioVersion = 10.0.40219.1
Project("{9A19103F-16F7-4668-BE54-9A1E7A4F7556}") = "Restaurant", "Restaurant\Restaurant.csproj", "{F6256C94-DEBF-41B0-974A-9692A52E66BA}"
EndProject
Project("{FAE04EC0-301F-11D3-BF4B-00C04F79EFBC}") = "Restaurant.UnitTest", "Restaurant.UnitTest\Restaurant.UnitTest.csproj", "{0397CB28-CA40-47B5-AF25-592FC330BE30}"
	ProjectSection(ProjectDependencies) = postProject
		{F6256C94-DEBF-41B0-974A-9692A52E66BA} = {F6256C94-DEBF-41B0-974A-9692A52E66BA}
	EndProjectSection
EndProject
Global
	GlobalSection(SolutionConfigurationPlatforms) = preSolution
		Debug|Any CPU = Debug|Any CPU
		Release|Any CPU = Release|Any CPU
	EndGlobalSection
	GlobalSection(ProjectConfigurationPlatforms) = postSolution
		{F6256C94-DEBF-41B0-974A-9692A52E66BA}.Debug|Any CPU.ActiveCfg = Debug|Any CPU
		{F6256C94-DEBF-41B0-974A-9692A52E66BA}.Debug|Any CPU.Build.0 = Debug|Any CPU
		{F6256C94-DEBF-41B0-974A-9692A52E66BA}.Release|Any CPU.ActiveCfg = Release|Any CPU
		{F6256C94-DEBF-41B0-974A-9692A52E66BA}.Release|Any CPU.Build.0 = Release|Any CPU
		{0397CB28-CA40-47B5-AF25-592FC330BE30}.Debug|Any CPU.ActiveCfg = Debug|Any CPU
		{0397CB28-CA40-47B5-AF25-592FC330BE30}.Debug|Any CPU.Build.0 = Debug|Any CPU
		{0397CB28-CA40-47B5-AF25-592FC330BE30}.Release|Any CPU.ActiveCfg = Release|Any CPU
		{0397CB28-CA40-47B5-AF25-592FC330BE30}.Release|Any CPU.Build.0 = Release|Any CPU
	EndGlobalSection
	GlobalSection(SolutionProperties) = preSolution
		HideSolutionNode = FALSE
	EndGlobalSection
	GlobalSection(ExtensibilityGlobals) = postSolution
		SolutionGuid = {C38099C3-B0FB-493F-9BF2-1532BE93F728}
	EndGlobalSection
EndGlobal
